
Microsoft Visual Studio Solution File, Format Version 12.00
# Visual Studio Version 17
VisualStudioVersion = 17.7.34221.43
MinimumVisualStudioVersion = 10.0.40219.1
Project("{FAE04EC0-301F-11D3-BF4B-00C04F79EFBC}") = "Cliente", "Cliente\Cliente.csproj", "{08D7FE8F-42F4-43C6-9DCB-C4AA46E70721}"
EndProject
Project("{FAE04EC0-301F-11D3-BF4B-00C04F79EFBC}") = "Entidades", "Entidades\Entidades.csproj", "{8CEAF8E1-D710-4356-A27E-7B1E1E6C4C6B}"
EndProject
Project("{FAE04EC0-301F-11D3-BF4B-00C04F79EFBC}") = "Datos", "Datos\Datos.csproj", "{9BE5960C-D340-4B8A-9955-4244F9D881C4}"
EndProject
Project("{FAE04EC0-301F-11D3-BF4B-00C04F79EFBC}") = "Negocios", "Negocios\Negocios.csproj", "{C3691BBC-2ECD-45AA-8002-ED2095370E70}"
EndProject
Global
	GlobalSection(SolutionConfigurationPlatforms) = preSolution
		Debug|Any CPU = Debug|Any CPU
		Release|Any CPU = Release|Any CPU
	EndGlobalSection
	GlobalSection(ProjectConfigurationPlatforms) = postSolution
		{08D7FE8F-42F4-43C6-9DCB-C4AA46E70721}.Debug|Any CPU.ActiveCfg = Debug|Any CPU
		{08D7FE8F-42F4-43C6-9DCB-C4AA46E70721}.Debug|Any CPU.Build.0 = Debug|Any CPU
		{08D7FE8F-42F4-43C6-9DCB-C4AA46E70721}.Release|Any CPU.ActiveCfg = Release|Any CPU
		{08D7FE8F-42F4-43C6-9DCB-C4AA46E70721}.Release|Any CPU.Build.0 = Release|Any CPU
		{8CEAF8E1-D710-4356-A27E-7B1E1E6C4C6B}.Debug|Any CPU.ActiveCfg = Debug|Any CPU
		{8CEAF8E1-D710-4356-A27E-7B1E1E6C4C6B}.Debug|Any CPU.Build.0 = Debug|Any CPU
		{8CEAF8E1-D710-4356-A27E-7B1E1E6C4C6B}.Release|Any CPU.ActiveCfg = Release|Any CPU
		{8CEAF8E1-D710-4356-A27E-7B1E1E6C4C6B}.Release|Any CPU.Build.0 = Release|Any CPU
		{9BE5960C-D340-4B8A-9955-4244F9D881C4}.Debug|Any CPU.ActiveCfg = Debug|Any CPU
		{9BE5960C-D340-4B8A-9955-4244F9D881C4}.Debug|Any CPU.Build.0 = Debug|Any CPU
		{9BE5960C-D340-4B8A-9955-4244F9D881C4}.Release|Any CPU.ActiveCfg = Release|Any CPU
		{9BE5960C-D340-4B8A-9955-4244F9D881C4}.Release|Any CPU.Build.0 = Release|Any CPU
		{C3691BBC-2ECD-45AA-8002-ED2095370E70}.Debug|Any CPU.ActiveCfg = Debug|Any CPU
		{C3691BBC-2ECD-45AA-8002-ED2095370E70}.Debug|Any CPU.Build.0 = Debug|Any CPU
		{C3691BBC-2ECD-45AA-8002-ED2095370E70}.Release|Any CPU.ActiveCfg = Release|Any CPU
		{C3691BBC-2ECD-45AA-8002-ED2095370E70}.Release|Any CPU.Build.0 = Release|Any CPU
	EndGlobalSection
	GlobalSection(SolutionProperties) = preSolution
		HideSolutionNode = FALSE
	EndGlobalSection
	GlobalSection(ExtensibilityGlobals) = postSolution
		SolutionGuid = {79F78515-B76F-4255-AA29-7C1C05956153}
	EndGlobalSection
EndGlobal
